
Microsoft Visual Studio Solution File, Format Version 12.00
# Visual Studio Version 17
VisualStudioVersion = 17.8.34322.80
MinimumVisualStudioVersion = 10.0.40219.1
Project("{8BC9CEB8-8B4A-11D0-8D11-00A0C91BC942}") = "Algorithm-Visualizer-2.0", "Algorithm-Visualizer-2.0\Algorithm-Visualizer-2.0.vcxproj", "{29AA8AEE-52C2-4163-B009-C12585EB0715}"
EndProject
Global
	GlobalSection(SolutionConfigurationPlatforms) = preSolution
		Debug|x64 = Debug|x64
		Debug|x86 = Debug|x86
		Release|x64 = Release|x64
		Release|x86 = Release|x86
	EndGlobalSection
	GlobalSection(ProjectConfigurationPlatforms) = postSolution
		{29AA8AEE-52C2-4163-B009-C12585EB0715}.Debug|x64.ActiveCfg = Debug|x64
		{29AA8AEE-52C2-4163-B009-C12585EB0715}.Debug|x64.Build.0 = Debug|x64
		{29AA8AEE-52C2-4163-B009-C12585EB0715}.Debug|x86.ActiveCfg = Debug|Win32
		{29AA8AEE-52C2-4163-B009-C12585EB0715}.Debug|x86.Build.0 = Debug|Win32
		{29AA8AEE-52C2-4163-B009-C12585EB0715}.Release|x64.ActiveCfg = Release|x64
		{29AA8AEE-52C2-4163-B009-C12585EB0715}.Release|x64.Build.0 = Release|x64
		{29AA8AEE-52C2-4163-B009-C12585EB0715}.Release|x86.ActiveCfg = Release|Win32
		{29AA8AEE-52C2-4163-B009-C12585EB0715}.Release|x86.Build.0 = Release|Win32
	EndGlobalSection
	GlobalSection(SolutionProperties) = preSolution
		HideSolutionNode = FALSE
	EndGlobalSection
	GlobalSection(ExtensibilityGlobals) = postSolution
		SolutionGuid = {32127FF6-DA0A-4951-A014-C9BE799EFBCA}
	EndGlobalSection
EndGlobal
